hash: 89cf59b3c4ba4abda0ce46b5641508c2aef7581f8e1c8d1dded09967f93dd501
updated: 2017-11-09T16:32:47.251993912+08:00
imports:
- name: github.com/golang/protobuf
  version: 1643683e1b54a9e88ad26d98f81400c8c9d9f4f9
  subpackages:
  - proto
  - protoc-gen-go/descriptor
  - ptypes
  - ptypes/any
  - ptypes/duration
  - ptypes/timestamp
- name: golang.org/x/net
  version: a337091b0525af65de94df2eb7e98bd9962dcbe2
  subpackages:
  - context
  - http2
  - http2/hpack
  - idna
  - internal/timeseries
  - lex/httplex
  - trace
- name: golang.org/x/text
  version: 88f656faf3f37f690df1a32515b479415e1a6769
  subpackages:
  - secure/bidirule
  - transform
  - unicode/bidi
  - unicode/norm
- name: google.golang.org/genproto
  version: 11c7f9e547da6db876260ce49ea7536985904c9b
  subpackages:
  - googleapis/rpc/status
- name: google.golang.org/grpc
  version: ebefec97ddde8309567144d2cdffe9801fda7fc0
  subpackages:
  - balancer
  - balancer/roundrobin
  - codes
  - connectivity
  - credentials
  - encoding
  - examples/helloworld/helloworld
  - grpclb/grpc_lb_v1/messages
  - grpclog
  - internal
  - keepalive
  - metadata
  - naming
  - peer
  - reflection
  - reflection/grpc_reflection_v1alpha
  - resolver
  - resolver/dns
  - resolver/passthrough
  - stats
  - status
  - tap
  - transport
testImports:
- name: github.com/davecgh/go-spew
  version: 04cdfd42973bb9c8589fd6a731800cf222fde1a9
  subpackages:
  - spew
- name: github.com/pmezard/go-difflib
  version: d8ed2627bdf02c080bf22230dbb337003b7aba2d
  subpackages:
  - difflib
- name: github.com/stretchr/testify
  version: 2aa2c176b9dab406a6970f6a55f513e8a8c8b18f
  subpackages:
  - assert
